
Microsoft Visual Studio Solution File, Format Version 12.00
# Visual Studio Version 17
VisualStudioVersion = 17.14.36408.4 d17.14
MinimumVisualStudioVersion = 10.0.40219.1
Project("{FAE04EC0-301F-11D3-BF4B-00C04F79EFBC}") = "WashBooking", "WashBooking\WashBooking.csproj", "{C0394C87-DBDC-447D-BA52-2E537DDA6C81}"
EndProject
Project("{FAE04EC0-301F-11D3-BF4B-00C04F79EFBC}") = "WashBooking.Domain", "WashBooking.Domain\WashBooking.Domain.csproj", "{24AE4080-E8B7-4D44-9AB1-3AECAB2A457E}"
EndProject
Project("{FAE04EC0-301F-11D3-BF4B-00C04F79EFBC}") = "WashBooking.Application", "WashBooking.Application\WashBooking.Application.csproj", "{CBC4868A-1290-45B1-A47C-FEAD945A2113}"
EndProject
Project("{FAE04EC0-301F-11D3-BF4B-00C04F79EFBC}") = "WashBooking.Infrastructure", "WashBooking.Infrastructure\WashBooking.Infrastructure.csproj", "{8E57E20C-36AA-441F-BDF2-8D3F0FD94D34}"
EndProject
Global
	GlobalSection(SolutionConfigurationPlatforms) = preSolution
		Debug|Any CPU = Debug|Any CPU
		Release|Any CPU = Release|Any CPU
	EndGlobalSection
	GlobalSection(ProjectConfigurationPlatforms) = postSolution
		{C0394C87-DBDC-447D-BA52-2E537DDA6C81}.Debug|Any CPU.ActiveCfg = Debug|Any CPU
		{C0394C87-DBDC-447D-BA52-2E537DDA6C81}.Debug|Any CPU.Build.0 = Debug|Any CPU
		{C0394C87-DBDC-447D-BA52-2E537DDA6C81}.Release|Any CPU.ActiveCfg = Release|Any CPU
		{C0394C87-DBDC-447D-BA52-2E537DDA6C81}.Release|Any CPU.Build.0 = Release|Any CPU
		{24AE4080-E8B7-4D44-9AB1-3AECAB2A457E}.Debug|Any CPU.ActiveCfg = Debug|Any CPU
		{24AE4080-E8B7-4D44-9AB1-3AECAB2A457E}.Debug|Any CPU.Build.0 = Debug|Any CPU
		{24AE4080-E8B7-4D44-9AB1-3AECAB2A457E}.Release|Any CPU.ActiveCfg = Release|Any CPU
		{24AE4080-E8B7-4D44-9AB1-3AECAB2A457E}.Release|Any CPU.Build.0 = Release|Any CPU
		{CBC4868A-1290-45B1-A47C-FEAD945A2113}.Debug|Any CPU.ActiveCfg = Debug|Any CPU
		{CBC4868A-1290-45B1-A47C-FEAD945A2113}.Debug|Any CPU.Build.0 = Debug|Any CPU
		{CBC4868A-1290-45B1-A47C-FEAD945A2113}.Release|Any CPU.ActiveCfg = Release|Any CPU
		{CBC4868A-1290-45B1-A47C-FEAD945A2113}.Release|Any CPU.Build.0 = Release|Any CPU
		{8E57E20C-36AA-441F-BDF2-8D3F0FD94D34}.Debug|Any CPU.ActiveCfg = Debug|Any CPU
		{8E57E20C-36AA-441F-BDF2-8D3F0FD94D34}.Debug|Any CPU.Build.0 = Debug|Any CPU
		{8E57E20C-36AA-441F-BDF2-8D3F0FD94D34}.Release|Any CPU.ActiveCfg = Release|Any CPU
		{8E57E20C-36AA-441F-BDF2-8D3F0FD94D34}.Release|Any CPU.Build.0 = Release|Any CPU
	EndGlobalSection
	GlobalSection(SolutionProperties) = preSolution
		HideSolutionNode = FALSE
	EndGlobalSection
	GlobalSection(ExtensibilityGlobals) = postSolution
		SolutionGuid = {53ABB756-71F8-4282-8F62-99A277D7246E}
	EndGlobalSection
EndGlobal
